{
  "name": "wenpai-netlify-functions",
  "version": "1.0.0",
  "lockfileVersion": 3,
  "requires": true,
  "packages": {
    "": {
      "name": "wenpai-netlify-functions",
      "version": "1.0.0",
      "dependencies": {
        "creem": "^0.3.37"
      },
      "devDependencies": {
        "@types/node": "^22.14.1"
      }
    },
    "node_modules/@types/node": {
      "version": "22.16.4",
      "resolved": "https://registry.npmmirror.com/@types/node/-/node-22.16.4.tgz",
      "integrity": "sha512-PYRhNtZdm2wH/NT2k/oAJ6/f2VD2N2Dag0lGlx2vWgMSJXGNmlce5MiTQzoWAiIJtso30mjnfQCOKVH+kAQC/g==",
      "dev": true,
      "license": "MIT",
      "dependencies": {
        "undici-types": "~6.21.0"
      }
    },
    "node_modules/creem": {
      "version": "0.3.37",
      "resolved": "https://registry.npmmirror.com/creem/-/creem-0.3.37.tgz",
      "integrity": "sha512-IDVmO9+MWXlsN+2YnC+sIdEicmsAOjiDiSQEfjqFswxh1dCwcsbvce046EomMXGxAkuuxZozQkXYvGPejBgrJA==",
      "bin": {
        "mcp": "bin/mcp-server.js"
      },
      "peerDependencies": {
        "@modelcontextprotocol/sdk": ">=1.5.0 <1.10.0",
        "zod": ">= 3"
      },
      "peerDependenciesMeta": {
        "@modelcontextprotocol/sdk": {
          "optional": true
        }
      }
    },
    "node_modules/undici-types": {
      "version": "6.21.0",
      "resolved": "https://registry.npmmirror.com/undici-types/-/undici-types-6.21.0.tgz",
      "integrity": "sha512-iwDZqg0QAGrg9Rav5H4n0M64c3mkR59cJ6wQp+7C4nI0gsmExaedaYLNO44eT4AtBBwjbTiGPMlt2Md0T9H9JQ==",
      "dev": true,
      "license": "MIT"
    },
    "node_modules/zod": {
      "version": "4.0.5",
      "resolved": "https://registry.npmmirror.com/zod/-/zod-4.0.5.tgz",
      "integrity": "sha512-/5UuuRPStvHXu7RS+gmvRf4NXrNxpSllGwDnCBcJZtQsKrviYXm54yDGV2KYNLT5kq0lHGcl7lqWJLgSaG+tgA==",
      "license": "MIT",
      "peer": true,
      "funding": {
        "url": "https://github.com/sponsors/colinhacks"
      }
    }
  }
}
